
Microsoft Visual Studio Solution File, Format Version 12.00
# Visual Studio Version 16
VisualStudioVersion = 16.0.31702.278
MinimumVisualStudioVersion = 10.0.40219.1
Project("{FAE04EC0-301F-11D3-BF4B-00C04F79EFBC}") = "my-books", "my-books\my-books.csproj", "{62A1D700-7E1A-4141-8F2B-816E9BB4F430}"
EndProject
Global
	GlobalSection(SolutionConfigurationPlatforms) = preSolution
		Debug|Any CPU = Debug|Any CPU
		Release|Any CPU = Release|Any CPU
	EndGlobalSection
	GlobalSection(ProjectConfigurationPlatforms) = postSolution
		{62A1D700-7E1A-4141-8F2B-816E9BB4F430}.Debug|Any CPU.ActiveCfg = Debug|Any CPU
		{62A1D700-7E1A-4141-8F2B-816E9BB4F430}.Debug|Any CPU.Build.0 = Debug|Any CPU
		{62A1D700-7E1A-4141-8F2B-816E9BB4F430}.Release|Any CPU.ActiveCfg = Release|Any CPU
		{62A1D700-7E1A-4141-8F2B-816E9BB4F430}.Release|Any CPU.Build.0 = Release|Any CPU
	EndGlobalSection
	GlobalSection(SolutionProperties) = preSolution
		HideSolutionNode = FALSE
	EndGlobalSection
	GlobalSection(ExtensibilityGlobals) = postSolution
		SolutionGuid = {7F50661E-C3CF-4E4D-AA0B-50F3D3AA5645}
	EndGlobalSection
EndGlobal
